
Microsoft Visual Studio Solution File, Format Version 12.00
# Visual Studio Version 16
VisualStudioVersion = 16.0.31025.194
MinimumVisualStudioVersion = 10.0.40219.1
Project("{FAE04EC0-301F-11D3-BF4B-00C04F79EFBC}") = "FBTarjeta", "FBTarjeta\FBTarjeta.csproj", "{75DD4B02-2072-49F0-85E9-F95993331A92}"
EndProject
Global
	GlobalSection(SolutionConfigurationPlatforms) = preSolution
		Debug|Any CPU = Debug|Any CPU
		Release|Any CPU = Release|Any CPU
	EndGlobalSection
	GlobalSection(ProjectConfigurationPlatforms) = postSolution
		{75DD4B02-2072-49F0-85E9-F95993331A92}.Debug|Any CPU.ActiveCfg = Debug|Any CPU
		{75DD4B02-2072-49F0-85E9-F95993331A92}.Debug|Any CPU.Build.0 = Debug|Any CPU
		{75DD4B02-2072-49F0-85E9-F95993331A92}.Release|Any CPU.ActiveCfg = Release|Any CPU
		{75DD4B02-2072-49F0-85E9-F95993331A92}.Release|Any CPU.Build.0 = Release|Any CPU
	EndGlobalSection
	GlobalSection(SolutionProperties) = preSolution
		HideSolutionNode = FALSE
	EndGlobalSection
	GlobalSection(ExtensibilityGlobals) = postSolution
		SolutionGuid = {BB605EF9-089B-492A-923A-7D96CC8D4EE0}
	EndGlobalSection
EndGlobal
